
Microsoft Visual Studio Solution File, Format Version 12.00
# Visual Studio 14
VisualStudioVersion = 14.0.25420.1
MinimumVisualStudioVersion = 10.0.40219.1
Project("{FAE04EC0-301F-11D3-BF4B-00C04F79EFBC}") = "WCF.Service", "WCF.Service\WCF.Service.csproj", "{12F8C0D1-97FE-4FC5-BED9-B02DFA78A383}"
EndProject
Project("{FAE04EC0-301F-11D3-BF4B-00C04F79EFBC}") = "WCF.WebFormsApp", "WCF.WebFormsApp\WCF.WebFormsApp.csproj", "{0F1A8324-C388-49D1-B460-BC5C44CB7947}"
	ProjectSection(ProjectDependencies) = postProject
		{12F8C0D1-97FE-4FC5-BED9-B02DFA78A383} = {12F8C0D1-97FE-4FC5-BED9-B02DFA78A383}
	EndProjectSection
EndProject
Project("{FAE04EC0-301F-11D3-BF4B-00C04F79EFBC}") = "WCF.Service.SelfHostingLib", "WCF.Service.SelfHostingLib\WCF.Service.SelfHostingLib.csproj", "{F3DB4FA7-6E50-4A08-AC76-98D2DBF5255B}"
EndProject
Project("{FAE04EC0-301F-11D3-BF4B-00C04F79EFBC}") = "WCF.SelfHost.Console", "WCF.SelfHost.Console\WCF.SelfHost.Console.csproj", "{6E04AA3E-7B85-4927-89F8-7BC3A14653DE}"
EndProject
Project("{2150E333-8FDC-42A3-9474-1A3956D46DE8}") = "WCFSelfHost", "WCFSelfHost", "{8761355B-E50A-47C6-9124-55BA896B3501}"
EndProject
Project("{2150E333-8FDC-42A3-9474-1A3956D46DE8}") = "IIS", "IIS", "{ECD7A08F-2FA6-41F4-98B5-7354881CB4C4}"
EndProject
Global
	GlobalSection(SolutionConfigurationPlatforms) = preSolution
		Debug|Any CPU = Debug|Any CPU
		Release|Any CPU = Release|Any CPU
	EndGlobalSection
	GlobalSection(ProjectConfigurationPlatforms) = postSolution
		{12F8C0D1-97FE-4FC5-BED9-B02DFA78A383}.Debug|Any CPU.ActiveCfg = Debug|Any CPU
		{12F8C0D1-97FE-4FC5-BED9-B02DFA78A383}.Debug|Any CPU.Build.0 = Debug|Any CPU
		{12F8C0D1-97FE-4FC5-BED9-B02DFA78A383}.Release|Any CPU.ActiveCfg = Release|Any CPU
		{12F8C0D1-97FE-4FC5-BED9-B02DFA78A383}.Release|Any CPU.Build.0 = Release|Any CPU
		{0F1A8324-C388-49D1-B460-BC5C44CB7947}.Debug|Any CPU.ActiveCfg = Debug|Any CPU
		{0F1A8324-C388-49D1-B460-BC5C44CB7947}.Debug|Any CPU.Build.0 = Debug|Any CPU
		{0F1A8324-C388-49D1-B460-BC5C44CB7947}.Release|Any CPU.ActiveCfg = Release|Any CPU
		{0F1A8324-C388-49D1-B460-BC5C44CB7947}.Release|Any CPU.Build.0 = Release|Any CPU
		{F3DB4FA7-6E50-4A08-AC76-98D2DBF5255B}.Debug|Any CPU.ActiveCfg = Debug|Any CPU
		{F3DB4FA7-6E50-4A08-AC76-98D2DBF5255B}.Debug|Any CPU.Build.0 = Debug|Any CPU
		{F3DB4FA7-6E50-4A08-AC76-98D2DBF5255B}.Release|Any CPU.ActiveCfg = Release|Any CPU
		{F3DB4FA7-6E50-4A08-AC76-98D2DBF5255B}.Release|Any CPU.Build.0 = Release|Any CPU
		{6E04AA3E-7B85-4927-89F8-7BC3A14653DE}.Debug|Any CPU.ActiveCfg = Debug|Any CPU
		{6E04AA3E-7B85-4927-89F8-7BC3A14653DE}.Debug|Any CPU.Build.0 = Debug|Any CPU
		{6E04AA3E-7B85-4927-89F8-7BC3A14653DE}.Release|Any CPU.ActiveCfg = Release|Any CPU
		{6E04AA3E-7B85-4927-89F8-7BC3A14653DE}.Release|Any CPU.Build.0 = Release|Any CPU
	EndGlobalSection
	GlobalSection(SolutionProperties) = preSolution
		HideSolutionNode = FALSE
	EndGlobalSection
	GlobalSection(NestedProjects) = preSolution
		{12F8C0D1-97FE-4FC5-BED9-B02DFA78A383} = {ECD7A08F-2FA6-41F4-98B5-7354881CB4C4}
		{0F1A8324-C388-49D1-B460-BC5C44CB7947} = {ECD7A08F-2FA6-41F4-98B5-7354881CB4C4}
		{F3DB4FA7-6E50-4A08-AC76-98D2DBF5255B} = {8761355B-E50A-47C6-9124-55BA896B3501}
		{6E04AA3E-7B85-4927-89F8-7BC3A14653DE} = {8761355B-E50A-47C6-9124-55BA896B3501}
	EndGlobalSection
EndGlobal
